
Microsoft Visual Studio Solution File, Format Version 12.00
# Visual Studio Version 17
VisualStudioVersion = 17.0.31710.8
MinimumVisualStudioVersion = 10.0.40219.1
Project("{9A19103F-16F7-4668-BE54-9A1E7A4F7556}") = "Client", "Client\Client.csproj", "{FE3FC26E-0231-4A93-81D3-1CA86CC7406D}"
EndProject
Project("{2150E333-8FDC-42A3-9474-1A3956D46DE8}") = "Infrastructure", "Infrastructure", "{D90FF853-BC55-4808-B213-2FA4C8F28E2D}"
EndProject
Project("{FAE04EC0-301F-11D3-BF4B-00C04F79EFBC}") = "PontiApp.Data", "PontiApp.Data\PontiApp.Data.csproj", "{6647B32B-2663-47C7-B5E3-96ABCED7A86D}"
EndProject
Project("{FAE04EC0-301F-11D3-BF4B-00C04F79EFBC}") = "PontiApp.Repository", "PontiApp.Repository\PontiApp.Repository.csproj", "{CBDD3FBA-D5D8-4D70-9543-54E00EF11C92}"
EndProject
Project("{FAE04EC0-301F-11D3-BF4B-00C04F79EFBC}") = "PontiApp.Models", "PontiApp.Models\PontiApp.Models.csproj", "{D3912E36-93C8-4562-B10C-D7B062C87365}"
EndProject
Global
	GlobalSection(SolutionConfigurationPlatforms) = preSolution
		Debug|Any CPU = Debug|Any CPU
		Release|Any CPU = Release|Any CPU
	EndGlobalSection
	GlobalSection(ProjectConfigurationPlatforms) = postSolution
		{FE3FC26E-0231-4A93-81D3-1CA86CC7406D}.Debug|Any CPU.ActiveCfg = Debug|Any CPU
		{FE3FC26E-0231-4A93-81D3-1CA86CC7406D}.Debug|Any CPU.Build.0 = Debug|Any CPU
		{FE3FC26E-0231-4A93-81D3-1CA86CC7406D}.Release|Any CPU.ActiveCfg = Release|Any CPU
		{FE3FC26E-0231-4A93-81D3-1CA86CC7406D}.Release|Any CPU.Build.0 = Release|Any CPU
		{6647B32B-2663-47C7-B5E3-96ABCED7A86D}.Debug|Any CPU.ActiveCfg = Debug|Any CPU
		{6647B32B-2663-47C7-B5E3-96ABCED7A86D}.Debug|Any CPU.Build.0 = Debug|Any CPU
		{6647B32B-2663-47C7-B5E3-96ABCED7A86D}.Release|Any CPU.ActiveCfg = Release|Any CPU
		{6647B32B-2663-47C7-B5E3-96ABCED7A86D}.Release|Any CPU.Build.0 = Release|Any CPU
		{CBDD3FBA-D5D8-4D70-9543-54E00EF11C92}.Debug|Any CPU.ActiveCfg = Debug|Any CPU
		{CBDD3FBA-D5D8-4D70-9543-54E00EF11C92}.Debug|Any CPU.Build.0 = Debug|Any CPU
		{CBDD3FBA-D5D8-4D70-9543-54E00EF11C92}.Release|Any CPU.ActiveCfg = Release|Any CPU
		{CBDD3FBA-D5D8-4D70-9543-54E00EF11C92}.Release|Any CPU.Build.0 = Release|Any CPU
		{D3912E36-93C8-4562-B10C-D7B062C87365}.Debug|Any CPU.ActiveCfg = Debug|Any CPU
		{D3912E36-93C8-4562-B10C-D7B062C87365}.Debug|Any CPU.Build.0 = Debug|Any CPU
		{D3912E36-93C8-4562-B10C-D7B062C87365}.Release|Any CPU.ActiveCfg = Release|Any CPU
		{D3912E36-93C8-4562-B10C-D7B062C87365}.Release|Any CPU.Build.0 = Release|Any CPU
	EndGlobalSection
	GlobalSection(SolutionProperties) = preSolution
		HideSolutionNode = FALSE
	EndGlobalSection
	GlobalSection(NestedProjects) = preSolution
		{6647B32B-2663-47C7-B5E3-96ABCED7A86D} = {D90FF853-BC55-4808-B213-2FA4C8F28E2D}
		{CBDD3FBA-D5D8-4D70-9543-54E00EF11C92} = {D90FF853-BC55-4808-B213-2FA4C8F28E2D}
		{D3912E36-93C8-4562-B10C-D7B062C87365} = {D90FF853-BC55-4808-B213-2FA4C8F28E2D}
	EndGlobalSection
	GlobalSection(ExtensibilityGlobals) = postSolution
		SolutionGuid = {582527E1-7735-487F-A959-BB99FEF4FE80}
	EndGlobalSection
EndGlobal
